
Microsoft Visual Studio Solution File, Format Version 12.00
# Visual Studio Version 17
VisualStudioVersion = 17.9.34607.119
MinimumVisualStudioVersion = 10.0.40219.1
Project("{FAE04EC0-301F-11D3-BF4B-00C04F79EFBC}") = "Checkpoint01", "Checkpoint01\Checkpoint01.csproj", "{9288F17E-EA8C-4B1C-BAA3-89ECC0881CD8}"
EndProject
Global
	GlobalSection(SolutionConfigurationPlatforms) = preSolution
		Debug|Any CPU = Debug|Any CPU
		Release|Any CPU = Release|Any CPU
	EndGlobalSection
	GlobalSection(ProjectConfigurationPlatforms) = postSolution
		{9288F17E-EA8C-4B1C-BAA3-89ECC0881CD8}.Debug|Any CPU.ActiveCfg = Debug|Any CPU
		{9288F17E-EA8C-4B1C-BAA3-89ECC0881CD8}.Debug|Any CPU.Build.0 = Debug|Any CPU
		{9288F17E-EA8C-4B1C-BAA3-89ECC0881CD8}.Release|Any CPU.ActiveCfg = Release|Any CPU
		{9288F17E-EA8C-4B1C-BAA3-89ECC0881CD8}.Release|Any CPU.Build.0 = Release|Any CPU
	EndGlobalSection
	GlobalSection(SolutionProperties) = preSolution
		HideSolutionNode = FALSE
	EndGlobalSection
	GlobalSection(ExtensibilityGlobals) = postSolution
		SolutionGuid = {C1A5EF8F-AC50-4B16-B848-1F9324D1D4AE}
	EndGlobalSection
EndGlobal
